
Microsoft Visual Studio Solution File, Format Version 12.00
# Visual Studio Version 17
VisualStudioVersion = 17.3.32804.467
MinimumVisualStudioVersion = 10.0.40219.1
Project("{FAE04EC0-301F-11D3-BF4B-00C04F79EFBC}") = "Host", "ConsoleApp1\Host.csproj", "{E2E52CE2-F78D-4587-A617-31CD8682477A}"
EndProject
Project("{FAE04EC0-301F-11D3-BF4B-00C04F79EFBC}") = "Lang", "Lang\Lang.csproj", "{4C451FC9-005F-4EBC-8413-4ECF418567A4}"
EndProject
Global
	GlobalSection(SolutionConfigurationPlatforms) = preSolution
		Debug|Any CPU = Debug|Any CPU
		Release|Any CPU = Release|Any CPU
	EndGlobalSection
	GlobalSection(ProjectConfigurationPlatforms) = postSolution
		{E2E52CE2-F78D-4587-A617-31CD8682477A}.Debug|Any CPU.ActiveCfg = Debug|Any CPU
		{E2E52CE2-F78D-4587-A617-31CD8682477A}.Debug|Any CPU.Build.0 = Debug|Any CPU
		{E2E52CE2-F78D-4587-A617-31CD8682477A}.Release|Any CPU.ActiveCfg = Release|Any CPU
		{E2E52CE2-F78D-4587-A617-31CD8682477A}.Release|Any CPU.Build.0 = Release|Any CPU
		{4C451FC9-005F-4EBC-8413-4ECF418567A4}.Debug|Any CPU.ActiveCfg = Debug|Any CPU
		{4C451FC9-005F-4EBC-8413-4ECF418567A4}.Debug|Any CPU.Build.0 = Debug|Any CPU
		{4C451FC9-005F-4EBC-8413-4ECF418567A4}.Release|Any CPU.ActiveCfg = Release|Any CPU
		{4C451FC9-005F-4EBC-8413-4ECF418567A4}.Release|Any CPU.Build.0 = Release|Any CPU
	EndGlobalSection
	GlobalSection(SolutionProperties) = preSolution
		HideSolutionNode = FALSE
	EndGlobalSection
	GlobalSection(ExtensibilityGlobals) = postSolution
		SolutionGuid = {3E5A3D3A-A675-4C19-ABA6-0A941CC51045}
	EndGlobalSection
EndGlobal
